
Microsoft Visual Studio Solution File, Format Version 11.00
# Visual Studio 2010
Project("{FAE04EC0-301F-11D3-BF4B-00C04F79EFBC}") = "Driverslog", "Driverslog\Driverslog.csproj", "{CD899D20-17E6-413C-8FCA-6D4E50C66B0C}"
EndProject
Project("{FAE04EC0-301F-11D3-BF4B-00C04F79EFBC}") = "Driverslog.Tests", "Driverslog.Tests\Driverslog.Tests.csproj", "{C419CFAA-A22B-42F3-8A7F-69CAD9B0DA09}"
EndProject
Global
	GlobalSection(SolutionConfigurationPlatforms) = preSolution
		Debug|Any CPU = Debug|Any CPU
		Release|Any CPU = Release|Any CPU
	EndGlobalSection
	GlobalSection(ProjectConfigurationPlatforms) = postSolution
		{CD899D20-17E6-413C-8FCA-6D4E50C66B0C}.Debug|Any CPU.ActiveCfg = Debug|Any CPU
		{CD899D20-17E6-413C-8FCA-6D4E50C66B0C}.Debug|Any CPU.Build.0 = Debug|Any CPU
		{CD899D20-17E6-413C-8FCA-6D4E50C66B0C}.Debug|Any CPU.Deploy.0 = Debug|Any CPU
		{CD899D20-17E6-413C-8FCA-6D4E50C66B0C}.Release|Any CPU.ActiveCfg = Release|Any CPU
		{CD899D20-17E6-413C-8FCA-6D4E50C66B0C}.Release|Any CPU.Build.0 = Release|Any CPU
		{CD899D20-17E6-413C-8FCA-6D4E50C66B0C}.Release|Any CPU.Deploy.0 = Release|Any CPU
		{C419CFAA-A22B-42F3-8A7F-69CAD9B0DA09}.Debug|Any CPU.ActiveCfg = Debug|Any CPU
		{C419CFAA-A22B-42F3-8A7F-69CAD9B0DA09}.Debug|Any CPU.Build.0 = Debug|Any CPU
		{C419CFAA-A22B-42F3-8A7F-69CAD9B0DA09}.Debug|Any CPU.Deploy.0 = Debug|Any CPU
		{C419CFAA-A22B-42F3-8A7F-69CAD9B0DA09}.Release|Any CPU.ActiveCfg = Release|Any CPU
		{C419CFAA-A22B-42F3-8A7F-69CAD9B0DA09}.Release|Any CPU.Build.0 = Release|Any CPU
		{C419CFAA-A22B-42F3-8A7F-69CAD9B0DA09}.Release|Any CPU.Deploy.0 = Release|Any CPU
	EndGlobalSection
	GlobalSection(SolutionProperties) = preSolution
		HideSolutionNode = FALSE
	EndGlobalSection
EndGlobal
