
Microsoft Visual Studio Solution File, Format Version 11.00
# Visual Studio 2010
Project("{FAE04EC0-301F-11D3-BF4B-00C04F79EFBC}") = "Driverslog", "Driverslog\Driverslog.csproj", "{CD899D20-17E6-413C-8FCA-6D4E50C66B0C}"
EndProject
Project("{2150E333-8FDC-42A3-9474-1A3956D46DE8}") = "Fx", "Fx", "{EE15F196-8C4F-4190-9624-470DC21C37CF}"
EndProject
Project("{FAE04EC0-301F-11D3-BF4B-00C04F79EFBC}") = "Victoria.Test", "Fx\Victoria.Test\Victoria.Test.csproj", "{DDCD3148-4D8F-4F0E-BD9B-E216855DEA27}"
EndProject
Project("{FAE04EC0-301F-11D3-BF4B-00C04F79EFBC}") = "Victoria.Test.Console", "Fx\Victoria.Test.Console\Victoria.Test.Console.csproj", "{ABE18BBA-EF54-4FDA-9C55-5A5D547E08B2}"
	ProjectSection(ProjectDependencies) = postProject
		{28E0AA3D-05EF-4B30-A571-A9579FA5E4FF} = {28E0AA3D-05EF-4B30-A571-A9579FA5E4FF}
	EndProjectSection
EndProject
Project("{FAE04EC0-301F-11D3-BF4B-00C04F79EFBC}") = "Victoria.Test.Runner", "Fx\Victoria.Test.Runner\Victoria.Test.Runner.csproj", "{28E0AA3D-05EF-4B30-A571-A9579FA5E4FF}"
	ProjectSection(ProjectDependencies) = postProject
		{CD899D20-17E6-413C-8FCA-6D4E50C66B0C} = {CD899D20-17E6-413C-8FCA-6D4E50C66B0C}
		{DDCD3148-4D8F-4F0E-BD9B-E216855DEA27} = {DDCD3148-4D8F-4F0E-BD9B-E216855DEA27}
		{455D0460-E641-4EFB-A55E-A97506BCDF60} = {455D0460-E641-4EFB-A55E-A97506BCDF60}
		{80A4588A-F8F6-47B1-8E2E-9DC67351FE9C} = {80A4588A-F8F6-47B1-8E2E-9DC67351FE9C}
	EndProjectSection
EndProject
Project("{FAE04EC0-301F-11D3-BF4B-00C04F79EFBC}") = "Driverslog.Tests.Acceptance", "Driverslog.Tests.Acceptance\Driverslog.Tests.Acceptance.csproj", "{C419CFAA-A22B-42F3-8A7F-69CAD9B0DA09}"
EndProject
Project("{FAE04EC0-301F-11D3-BF4B-00C04F79EFBC}") = "Driverslog.Tests.Unit", "Driverslog.Tests.Unit\Driverslog.Tests.Unit.csproj", "{455D0460-E641-4EFB-A55E-A97506BCDF60}"
EndProject
Project("{FAE04EC0-301F-11D3-BF4B-00C04F79EFBC}") = "Victoria.Test.Tests.Unit", "Fx\Victoria.Test.Tests.Unit\Victoria.Test.Tests.Unit.csproj", "{80A4588A-F8F6-47B1-8E2E-9DC67351FE9C}"
EndProject
Global
	GlobalSection(SolutionConfigurationPlatforms) = preSolution
		Debug|Any CPU = Debug|Any CPU
		Debug|Mixed Platforms = Debug|Mixed Platforms
		Debug|x86 = Debug|x86
		Release|Any CPU = Release|Any CPU
		Release|Mixed Platforms = Release|Mixed Platforms
		Release|x86 = Release|x86
	EndGlobalSection
	GlobalSection(ProjectConfigurationPlatforms) = postSolution
		{CD899D20-17E6-413C-8FCA-6D4E50C66B0C}.Debug|Any CPU.ActiveCfg = Debug|Any CPU
		{CD899D20-17E6-413C-8FCA-6D4E50C66B0C}.Debug|Any CPU.Build.0 = Debug|Any CPU
		{CD899D20-17E6-413C-8FCA-6D4E50C66B0C}.Debug|Any CPU.Deploy.0 = Debug|Any CPU
		{CD899D20-17E6-413C-8FCA-6D4E50C66B0C}.Debug|Mixed Platforms.ActiveCfg = Debug|Any CPU
		{CD899D20-17E6-413C-8FCA-6D4E50C66B0C}.Debug|Mixed Platforms.Build.0 = Debug|Any CPU
		{CD899D20-17E6-413C-8FCA-6D4E50C66B0C}.Debug|Mixed Platforms.Deploy.0 = Debug|Any CPU
		{CD899D20-17E6-413C-8FCA-6D4E50C66B0C}.Debug|x86.ActiveCfg = Debug|Any CPU
		{CD899D20-17E6-413C-8FCA-6D4E50C66B0C}.Release|Any CPU.ActiveCfg = Release|Any CPU
		{CD899D20-17E6-413C-8FCA-6D4E50C66B0C}.Release|Any CPU.Build.0 = Release|Any CPU
		{CD899D20-17E6-413C-8FCA-6D4E50C66B0C}.Release|Any CPU.Deploy.0 = Release|Any CPU
		{CD899D20-17E6-413C-8FCA-6D4E50C66B0C}.Release|Mixed Platforms.ActiveCfg = Release|Any CPU
		{CD899D20-17E6-413C-8FCA-6D4E50C66B0C}.Release|Mixed Platforms.Build.0 = Release|Any CPU
		{CD899D20-17E6-413C-8FCA-6D4E50C66B0C}.Release|Mixed Platforms.Deploy.0 = Release|Any CPU
		{CD899D20-17E6-413C-8FCA-6D4E50C66B0C}.Release|x86.ActiveCfg = Release|Any CPU
		{DDCD3148-4D8F-4F0E-BD9B-E216855DEA27}.Debug|Any CPU.ActiveCfg = Debug|Any CPU
		{DDCD3148-4D8F-4F0E-BD9B-E216855DEA27}.Debug|Any CPU.Build.0 = Debug|Any CPU
		{DDCD3148-4D8F-4F0E-BD9B-E216855DEA27}.Debug|Mixed Platforms.ActiveCfg = Debug|Any CPU
		{DDCD3148-4D8F-4F0E-BD9B-E216855DEA27}.Debug|Mixed Platforms.Build.0 = Debug|Any CPU
		{DDCD3148-4D8F-4F0E-BD9B-E216855DEA27}.Debug|x86.ActiveCfg = Debug|Any CPU
		{DDCD3148-4D8F-4F0E-BD9B-E216855DEA27}.Release|Any CPU.ActiveCfg = Release|Any CPU
		{DDCD3148-4D8F-4F0E-BD9B-E216855DEA27}.Release|Any CPU.Build.0 = Release|Any CPU
		{DDCD3148-4D8F-4F0E-BD9B-E216855DEA27}.Release|Mixed Platforms.ActiveCfg = Release|Any CPU
		{DDCD3148-4D8F-4F0E-BD9B-E216855DEA27}.Release|Mixed Platforms.Build.0 = Release|Any CPU
		{DDCD3148-4D8F-4F0E-BD9B-E216855DEA27}.Release|x86.ActiveCfg = Release|Any CPU
		{ABE18BBA-EF54-4FDA-9C55-5A5D547E08B2}.Debug|Any CPU.ActiveCfg = Debug|x86
		{ABE18BBA-EF54-4FDA-9C55-5A5D547E08B2}.Debug|Mixed Platforms.ActiveCfg = Debug|x86
		{ABE18BBA-EF54-4FDA-9C55-5A5D547E08B2}.Debug|Mixed Platforms.Build.0 = Debug|x86
		{ABE18BBA-EF54-4FDA-9C55-5A5D547E08B2}.Debug|x86.ActiveCfg = Debug|x86
		{ABE18BBA-EF54-4FDA-9C55-5A5D547E08B2}.Debug|x86.Build.0 = Debug|x86
		{ABE18BBA-EF54-4FDA-9C55-5A5D547E08B2}.Release|Any CPU.ActiveCfg = Release|x86
		{ABE18BBA-EF54-4FDA-9C55-5A5D547E08B2}.Release|Mixed Platforms.ActiveCfg = Release|x86
		{ABE18BBA-EF54-4FDA-9C55-5A5D547E08B2}.Release|Mixed Platforms.Build.0 = Release|x86
		{ABE18BBA-EF54-4FDA-9C55-5A5D547E08B2}.Release|x86.ActiveCfg = Release|x86
		{ABE18BBA-EF54-4FDA-9C55-5A5D547E08B2}.Release|x86.Build.0 = Release|x86
		{28E0AA3D-05EF-4B30-A571-A9579FA5E4FF}.Debug|Any CPU.ActiveCfg = Debug|Any CPU
		{28E0AA3D-05EF-4B30-A571-A9579FA5E4FF}.Debug|Any CPU.Build.0 = Debug|Any CPU
		{28E0AA3D-05EF-4B30-A571-A9579FA5E4FF}.Debug|Mixed Platforms.ActiveCfg = Debug|Any CPU
		{28E0AA3D-05EF-4B30-A571-A9579FA5E4FF}.Debug|Mixed Platforms.Build.0 = Debug|Any CPU
		{28E0AA3D-05EF-4B30-A571-A9579FA5E4FF}.Debug|x86.ActiveCfg = Debug|Any CPU
		{28E0AA3D-05EF-4B30-A571-A9579FA5E4FF}.Release|Any CPU.ActiveCfg = Release|Any CPU
		{28E0AA3D-05EF-4B30-A571-A9579FA5E4FF}.Release|Any CPU.Build.0 = Release|Any CPU
		{28E0AA3D-05EF-4B30-A571-A9579FA5E4FF}.Release|Mixed Platforms.ActiveCfg = Release|Any CPU
		{28E0AA3D-05EF-4B30-A571-A9579FA5E4FF}.Release|Mixed Platforms.Build.0 = Release|Any CPU
		{28E0AA3D-05EF-4B30-A571-A9579FA5E4FF}.Release|x86.ActiveCfg = Release|Any CPU
		{C419CFAA-A22B-42F3-8A7F-69CAD9B0DA09}.Debug|Any CPU.ActiveCfg = Debug|Any CPU
		{C419CFAA-A22B-42F3-8A7F-69CAD9B0DA09}.Debug|Any CPU.Build.0 = Debug|Any CPU
		{C419CFAA-A22B-42F3-8A7F-69CAD9B0DA09}.Debug|Any CPU.Deploy.0 = Debug|Any CPU
		{C419CFAA-A22B-42F3-8A7F-69CAD9B0DA09}.Debug|Mixed Platforms.ActiveCfg = Debug|Any CPU
		{C419CFAA-A22B-42F3-8A7F-69CAD9B0DA09}.Debug|x86.ActiveCfg = Debug|Any CPU
		{C419CFAA-A22B-42F3-8A7F-69CAD9B0DA09}.Release|Any CPU.ActiveCfg = Release|Any CPU
		{C419CFAA-A22B-42F3-8A7F-69CAD9B0DA09}.Release|Any CPU.Build.0 = Release|Any CPU
		{C419CFAA-A22B-42F3-8A7F-69CAD9B0DA09}.Release|Any CPU.Deploy.0 = Release|Any CPU
		{C419CFAA-A22B-42F3-8A7F-69CAD9B0DA09}.Release|Mixed Platforms.ActiveCfg = Release|Any CPU
		{C419CFAA-A22B-42F3-8A7F-69CAD9B0DA09}.Release|Mixed Platforms.Build.0 = Release|Any CPU
		{C419CFAA-A22B-42F3-8A7F-69CAD9B0DA09}.Release|Mixed Platforms.Deploy.0 = Release|Any CPU
		{C419CFAA-A22B-42F3-8A7F-69CAD9B0DA09}.Release|x86.ActiveCfg = Release|Any CPU
		{455D0460-E641-4EFB-A55E-A97506BCDF60}.Debug|Any CPU.ActiveCfg = Debug|Any CPU
		{455D0460-E641-4EFB-A55E-A97506BCDF60}.Debug|Any CPU.Build.0 = Debug|Any CPU
		{455D0460-E641-4EFB-A55E-A97506BCDF60}.Debug|Mixed Platforms.ActiveCfg = Debug|Any CPU
		{455D0460-E641-4EFB-A55E-A97506BCDF60}.Debug|Mixed Platforms.Build.0 = Debug|Any CPU
		{455D0460-E641-4EFB-A55E-A97506BCDF60}.Debug|x86.ActiveCfg = Debug|Any CPU
		{455D0460-E641-4EFB-A55E-A97506BCDF60}.Release|Any CPU.ActiveCfg = Release|Any CPU
		{455D0460-E641-4EFB-A55E-A97506BCDF60}.Release|Any CPU.Build.0 = Release|Any CPU
		{455D0460-E641-4EFB-A55E-A97506BCDF60}.Release|Mixed Platforms.ActiveCfg = Release|Any CPU
		{455D0460-E641-4EFB-A55E-A97506BCDF60}.Release|Mixed Platforms.Build.0 = Release|Any CPU
		{455D0460-E641-4EFB-A55E-A97506BCDF60}.Release|x86.ActiveCfg = Release|Any CPU
		{80A4588A-F8F6-47B1-8E2E-9DC67351FE9C}.Debug|Any CPU.ActiveCfg = Debug|Any CPU
		{80A4588A-F8F6-47B1-8E2E-9DC67351FE9C}.Debug|Any CPU.Build.0 = Debug|Any CPU
		{80A4588A-F8F6-47B1-8E2E-9DC67351FE9C}.Debug|Mixed Platforms.ActiveCfg = Debug|Any CPU
		{80A4588A-F8F6-47B1-8E2E-9DC67351FE9C}.Debug|Mixed Platforms.Build.0 = Debug|Any CPU
		{80A4588A-F8F6-47B1-8E2E-9DC67351FE9C}.Debug|x86.ActiveCfg = Debug|Any CPU
		{80A4588A-F8F6-47B1-8E2E-9DC67351FE9C}.Release|Any CPU.ActiveCfg = Release|Any CPU
		{80A4588A-F8F6-47B1-8E2E-9DC67351FE9C}.Release|Any CPU.Build.0 = Release|Any CPU
		{80A4588A-F8F6-47B1-8E2E-9DC67351FE9C}.Release|Mixed Platforms.ActiveCfg = Release|Any CPU
		{80A4588A-F8F6-47B1-8E2E-9DC67351FE9C}.Release|Mixed Platforms.Build.0 = Release|Any CPU
		{80A4588A-F8F6-47B1-8E2E-9DC67351FE9C}.Release|x86.ActiveCfg = Release|Any CPU
	EndGlobalSection
	GlobalSection(SolutionProperties) = preSolution
		HideSolutionNode = FALSE
	EndGlobalSection
	GlobalSection(NestedProjects) = preSolution
		{DDCD3148-4D8F-4F0E-BD9B-E216855DEA27} = {EE15F196-8C4F-4190-9624-470DC21C37CF}
		{ABE18BBA-EF54-4FDA-9C55-5A5D547E08B2} = {EE15F196-8C4F-4190-9624-470DC21C37CF}
		{28E0AA3D-05EF-4B30-A571-A9579FA5E4FF} = {EE15F196-8C4F-4190-9624-470DC21C37CF}
		{80A4588A-F8F6-47B1-8E2E-9DC67351FE9C} = {EE15F196-8C4F-4190-9624-470DC21C37CF}
	EndGlobalSection
EndGlobal
